// !$*UTF8*$!
{
   archiveVersion = "1";
   objectVersion = "46";
   objects = {
      "OBJ_1" = {
         isa = "PBXProject";
         attributes = {
            LastUpgradeCheck = "9999";
         };
         buildConfigurationList = "OBJ_2";
         compatibilityVersion = "Xcode 3.2";
         developmentRegion = "English";
         hasScannedForEncodings = "0";
         knownRegions = (
            "en"
         );
         mainGroup = "OBJ_5";
         productRefGroup = "OBJ_82";
         projectDirPath = ".";
         targets = (
            "Splash::Splash",
            "Splash::SplashHTMLGen",
            "Splash::SplashImageGen",
            "Splash::SwiftPMPackageDescription",
            "Splash::SplashPackageTests::ProductTarget",
            "Splash::SplashTests",
            "Splash::SplashTokenizer"
         );
      };
      "OBJ_10" = {
         isa = "PBXGroup";
         children = (
            "OBJ_11",
            "OBJ_26",
            "OBJ_29",
            "OBJ_34",
            "OBJ_37",
            "OBJ_42"
         );
         name = "Splash";
         path = "Sources/Splash";
         sourceTree = "SOURCE_ROOT";
      };
      "OBJ_100" = {
         isa = "PBXBuildFile";
         fileRef = "OBJ_24";
      };
      "OBJ_101" = {
         isa = "PBXBuildFile";
         fileRef = "OBJ_25";
      };
      "OBJ_102" = {
         isa = "PBXBuildFile";
         fileRef = "OBJ_27";
      };
      "OBJ_103" = {
         isa = "PBXBuildFile";
         fileRef = "OBJ_28";
      };
      "OBJ_104" = {
         isa = "PBXBuildFile";
         fileRef = "OBJ_30";
      };
      "OBJ_105" = {
         isa = "PBXBuildFile";
         fileRef = "OBJ_31";
      };
      "OBJ_106" = {
         isa = "PBXBuildFile";
         fileRef = "OBJ_32";
      };
      "OBJ_107" = {
         isa = "PBXBuildFile";
         fileRef = "OBJ_33";
      };
      "OBJ_108" = {
         isa = "PBXBuildFile";
         fileRef = "OBJ_35";
      };
      "OBJ_109" = {
         isa = "PBXBuildFile";
         fileRef = "OBJ_36";
      };
      "OBJ_11" = {
         isa = "PBXGroup";
         children = (
            "OBJ_12",
            "OBJ_14",
            "OBJ_16",
            "OBJ_18",
            "OBJ_21"
         );
         name = "Extensions";
         path = "Extensions";
         sourceTree = "<group>";
      };
      "OBJ_110" = {
         isa = "PBXBuildFile";
         fileRef = "OBJ_38";
      };
      "OBJ_111" = {
         isa = "PBXBuildFile";
         fileRef = "OBJ_39";
      };
      "OBJ_112" = {
         isa = "PBXBuildFile";
         fileRef = "OBJ_40";
      };
      "OBJ_113" = {
         isa = "PBXBuildFile";
         fileRef = "OBJ_41";
      };
      "OBJ_114" = {
         isa = "PBXBuildFile";
         fileRef = "OBJ_43";
      };
      "OBJ_115" = {
         isa = "PBXBuildFile";
         fileRef = "OBJ_44";
      };
      "OBJ_116" = {
         isa = "PBXBuildFile";
         fileRef = "OBJ_45";
      };
      "OBJ_117" = {
         isa = "PBXFrameworksBuildPhase";
         files = (
         );
      };
      "OBJ_119" = {
         isa = "XCConfigurationList";
         buildConfigurations = (
            "OBJ_120",
            "OBJ_121"
         );
         defaultConfigurationIsVisible = "0";
         defaultConfigurationName = "Release";
      };
      "OBJ_12" = {
         isa = "PBXGroup";
         children = (
            "OBJ_13"
         );
         name = "CharacterSet";
         path = "CharacterSet";
         sourceTree = "<group>";
      };
      "OBJ_120" = {
         isa = "XCBuildConfiguration";
         buildSettings = {
            FRAMEWORK_SEARCH_PATHS = (
               "$(inherited)",
               "$(PLATFORM_DIR)/Developer/Library/Frameworks"
            );
            HEADER_SEARCH_PATHS = (
               "$(inherited)"
            );
            INFOPLIST_FILE = "Splash.xcodeproj/SplashHTMLGen_Info.plist";
            LD_RUNPATH_SEARCH_PATHS = (
               "$(inherited)",
               "$(TOOLCHAIN_DIR)/usr/lib/swift/macosx",
               "@executable_path"
            );
            OTHER_CFLAGS = (
               "$(inherited)"
            );
            OTHER_LDFLAGS = (
               "$(inherited)"
            );
            OTHER_SWIFT_FLAGS = (
               "$(inherited)"
            );
            SWIFT_ACTIVE_COMPILATION_CONDITIONS = (
               "$(inherited)"
            );
            SWIFT_FORCE_DYNAMIC_LINK_STDLIB = "YES";
            SWIFT_FORCE_STATIC_LINK_STDLIB = "NO";
            SWIFT_VERSION = "4.0";
            TARGET_NAME = "SplashHTMLGen";
         };
         name = "Debug";
      };
      "OBJ_121" = {
         isa = "XCBuildConfiguration";
         buildSettings = {
            FRAMEWORK_SEARCH_PATHS = (
               "$(inherited)",
               "$(PLATFORM_DIR)/Developer/Library/Frameworks"
            );
            HEADER_SEARCH_PATHS = (
               "$(inherited)"
            );
            INFOPLIST_FILE = "Splash.xcodeproj/SplashHTMLGen_Info.plist";
            LD_RUNPATH_SEARCH_PATHS = (
               "$(inherited)",
               "$(TOOLCHAIN_DIR)/usr/lib/swift/macosx",
               "@executable_path"
            );
            OTHER_CFLAGS = (
               "$(inherited)"
            );
            OTHER_LDFLAGS = (
               "$(inherited)"
            );
            OTHER_SWIFT_FLAGS = (
               "$(inherited)"
            );
            SWIFT_ACTIVE_COMPILATION_CONDITIONS = (
               "$(inherited)"
            );
            SWIFT_FORCE_DYNAMIC_LINK_STDLIB = "YES";
            SWIFT_FORCE_STATIC_LINK_STDLIB = "NO";
            SWIFT_VERSION = "4.0";
            TARGET_NAME = "SplashHTMLGen";
         };
         name = "Release";
      };
      "OBJ_122" = {
         isa = "PBXSourcesBuildPhase";
         files = (
            "OBJ_123"
         );
      };
      "OBJ_123" = {
         isa = "PBXBuildFile";
         fileRef = "OBJ_9";
      };
      "OBJ_124" = {
         isa = "PBXFrameworksBuildPhase";
         files = (
            "OBJ_125"
         );
      };
      "OBJ_125" = {
         isa = "PBXBuildFile";
         fileRef = "Splash::Splash::Product";
      };
      "OBJ_126" = {
         isa = "PBXTargetDependency";
         target = "Splash::Splash";
      };
      "OBJ_128" = {
         isa = "XCConfigurationList";
         buildConfigurations = (
            "OBJ_129",
            "OBJ_130"
         );
         defaultConfigurationIsVisible = "0";
         defaultConfigurationName = "Release";
      };
      "OBJ_129" = {
         isa = "XCBuildConfiguration";
         buildSettings = {
            FRAMEWORK_SEARCH_PATHS = (
               "$(inherited)",
               "$(PLATFORM_DIR)/Developer/Library/Frameworks"
            );
            HEADER_SEARCH_PATHS = (
               "$(inherited)"
            );
            INFOPLIST_FILE = "Splash.xcodeproj/SplashImageGen_Info.plist";
            LD_RUNPATH_SEARCH_PATHS = (
               "$(inherited)",
               "$(TOOLCHAIN_DIR)/usr/lib/swift/macosx",
               "@executable_path"
            );
            OTHER_CFLAGS = (
               "$(inherited)"
            );
            OTHER_LDFLAGS = (
               "$(inherited)"
            );
            OTHER_SWIFT_FLAGS = (
               "$(inherited)"
            );
            SWIFT_ACTIVE_COMPILATION_CONDITIONS = (
               "$(inherited)"
            );
            SWIFT_FORCE_DYNAMIC_LINK_STDLIB = "YES";
            SWIFT_FORCE_STATIC_LINK_STDLIB = "NO";
            SWIFT_VERSION = "4.0";
            TARGET_NAME = "SplashImageGen";
         };
         name = "Debug";
      };
      "OBJ_13" = {
         isa = "PBXFileReference";
         path = "CharacterSet+Contains.swift";
         sourceTree = "<group>";
      };
      "OBJ_130" = {
         isa = "XCBuildConfiguration";
         buildSettings = {
            FRAMEWORK_SEARCH_PATHS = (
               "$(inherited)",
               "$(PLATFORM_DIR)/Developer/Library/Frameworks"
            );
            HEADER_SEARCH_PATHS = (
               "$(inherited)"
            );
            INFOPLIST_FILE = "Splash.xcodeproj/SplashImageGen_Info.plist";
            LD_RUNPATH_SEARCH_PATHS = (
               "$(inherited)",
               "$(TOOLCHAIN_DIR)/usr/lib/swift/macosx",
               "@executable_path"
            );
            OTHER_CFLAGS = (
               "$(inherited)"
            );
            OTHER_LDFLAGS = (
               "$(inherited)"
            );
            OTHER_SWIFT_FLAGS = (
               "$(inherited)"
            );
            SWIFT_ACTIVE_COMPILATION_CONDITIONS = (
               "$(inherited)"
            );
            SWIFT_FORCE_DYNAMIC_LINK_STDLIB = "YES";
            SWIFT_FORCE_STATIC_LINK_STDLIB = "NO";
            SWIFT_VERSION = "4.0";
            TARGET_NAME = "SplashImageGen";
         };
         name = "Release";
      };
      "OBJ_131" = {
         isa = "PBXSourcesBuildPhase";
         files = (
            "OBJ_132",
            "OBJ_133",
            "OBJ_134",
            "OBJ_135",
            "OBJ_136"
         );
      };
      "OBJ_132" = {
         isa = "PBXBuildFile";
         fileRef = "OBJ_51";
      };
      "OBJ_133" = {
         isa = "PBXBuildFile";
         fileRef = "OBJ_52";
      };
      "OBJ_134" = {
         isa = "PBXBuildFile";
         fileRef = "OBJ_53";
      };
      "OBJ_135" = {
         isa = "PBXBuildFile";
         fileRef = "OBJ_54";
      };
      "OBJ_136" = {
         isa = "PBXBuildFile";
         fileRef = "OBJ_55";
      };
      "OBJ_137" = {
         isa = "PBXFrameworksBuildPhase";
         files = (
            "OBJ_138"
         );
      };
      "OBJ_138" = {
         isa = "PBXBuildFile";
         fileRef = "Splash::Splash::Product";
      };
      "OBJ_139" = {
         isa = "PBXTargetDependency";
         target = "Splash::Splash";
      };
      "OBJ_14" = {
         isa = "PBXGroup";
         children = (
            "OBJ_15"
         );
         name = "Equatable";
         path = "Equatable";
         sourceTree = "<group>";
      };
      "OBJ_141" = {
         isa = "XCConfigurationList";
         buildConfigurations = (
            "OBJ_142",
            "OBJ_143"
         );
         defaultConfigurationIsVisible = "0";
         defaultConfigurationName = "Release";
      };
      "OBJ_142" = {
         isa = "XCBuildConfiguration";
         buildSettings = {
            LD = "/usr/bin/true";
            OTHER_SWIFT_FLAGS = (
               "-swift-version",
               "4",
               "-I",
               "$(TOOLCHAIN_DIR)/usr/lib/swift/pm/4",
               "-target",
               "x86_64-apple-macosx10.10",
               "-sdk",
               "/Applications/Xcode.app/Contents/Developer/Platforms/MacOSX.platform/Developer/SDKs/MacOSX10.14.sdk"
            );
            SWIFT_VERSION = "4.0";
         };
         name = "Debug";
      };
      "OBJ_143" = {
         isa = "XCBuildConfiguration";
         buildSettings = {
            LD = "/usr/bin/true";
            OTHER_SWIFT_FLAGS = (
               "-swift-version",
               "4",
               "-I",
               "$(TOOLCHAIN_DIR)/usr/lib/swift/pm/4",
               "-target",
               "x86_64-apple-macosx10.10",
               "-sdk",
               "/Applications/Xcode.app/Contents/Developer/Platforms/MacOSX.platform/Developer/SDKs/MacOSX10.14.sdk"
            );
            SWIFT_VERSION = "4.0";
         };
         name = "Release";
      };
      "OBJ_144" = {
         isa = "PBXSourcesBuildPhase";
         files = (
            "OBJ_145"
         );
      };
      "OBJ_145" = {
         isa = "PBXBuildFile";
         fileRef = "OBJ_6";
      };
      "OBJ_147" = {
         isa = "XCConfigurationList";
         buildConfigurations = (
            "OBJ_148",
            "OBJ_149"
         );
         defaultConfigurationIsVisible = "0";
         defaultConfigurationName = "Release";
      };
      "OBJ_148" = {
         isa = "XCBuildConfiguration";
         buildSettings = {
         };
         name = "Debug";
      };
      "OBJ_149" = {
         isa = "XCBuildConfiguration";
         buildSettings = {
         };
         name = "Release";
      };
      "OBJ_15" = {
         isa = "PBXFileReference";
         path = "Equatable+AnyOf.swift";
         sourceTree = "<group>";
      };
      "OBJ_150" = {
         isa = "PBXTargetDependency";
         target = "Splash::SplashTests";
      };
      "OBJ_152" = {
         isa = "XCConfigurationList";
         buildConfigurations = (
            "OBJ_153",
            "OBJ_154"
         );
         defaultConfigurationIsVisible = "0";
         defaultConfigurationName = "Release";
      };
      "OBJ_153" = {
         isa = "XCBuildConfiguration";
         buildSettings = {
            CLANG_ENABLE_MODULES = "YES";
            EMBEDDED_CONTENT_CONTAINS_SWIFT = "YES";
            FRAMEWORK_SEARCH_PATHS = (
               "$(inherited)",
               "$(PLATFORM_DIR)/Developer/Library/Frameworks"
            );
            HEADER_SEARCH_PATHS = (
               "$(inherited)"
            );
            INFOPLIST_FILE = "Splash.xcodeproj/SplashTests_Info.plist";
            LD_RUNPATH_SEARCH_PATHS = (
               "$(inherited)",
               "@loader_path/../Frameworks",
               "@loader_path/Frameworks"
            );
            OTHER_CFLAGS = (
               "$(inherited)"
            );
            OTHER_LDFLAGS = (
               "$(inherited)"
            );
            OTHER_SWIFT_FLAGS = (
               "$(inherited)"
            );
            SWIFT_ACTIVE_COMPILATION_CONDITIONS = (
               "$(inherited)"
            );
            SWIFT_VERSION = "4.0";
            TARGET_NAME = "SplashTests";
         };
         name = "Debug";
      };
      "OBJ_154" = {
         isa = "XCBuildConfiguration";
         buildSettings = {
            CLANG_ENABLE_MODULES = "YES";
            EMBEDDED_CONTENT_CONTAINS_SWIFT = "YES";
            FRAMEWORK_SEARCH_PATHS = (
               "$(inherited)",
               "$(PLATFORM_DIR)/Developer/Library/Frameworks"
            );
            HEADER_SEARCH_PATHS = (
               "$(inherited)"
            );
            INFOPLIST_FILE = "Splash.xcodeproj/SplashTests_Info.plist";
            LD_RUNPATH_SEARCH_PATHS = (
               "$(inherited)",
               "@loader_path/../Frameworks",
               "@loader_path/Frameworks"
            );
            OTHER_CFLAGS = (
               "$(inherited)"
            );
            OTHER_LDFLAGS = (
               "$(inherited)"
            );
            OTHER_SWIFT_FLAGS = (
               "$(inherited)"
            );
            SWIFT_ACTIVE_COMPILATION_CONDITIONS = (
               "$(inherited)"
            );
            SWIFT_VERSION = "4.0";
            TARGET_NAME = "SplashTests";
         };
         name = "Release";
      };
      "OBJ_155" = {
         isa = "PBXSourcesBuildPhase";
         files = (
            "OBJ_156",
            "OBJ_157",
            "OBJ_158",
            "OBJ_159",
            "OBJ_160",
            "OBJ_161",
            "OBJ_162",
            "OBJ_163",
            "OBJ_164",
            "OBJ_165",
            "OBJ_166",
            "OBJ_167",
            "OBJ_168",
            "OBJ_169",
            "OBJ_170",
            "OBJ_171",
            "OBJ_172",
            "OBJ_173",
            "OBJ_174"
         );
      };
      "OBJ_156" = {
         isa = "PBXBuildFile";
         fileRef = "OBJ_59";
      };
      "OBJ_157" = {
         isa = "PBXBuildFile";
         fileRef = "OBJ_60";
      };
      "OBJ_158" = {
         isa = "PBXBuildFile";
         fileRef = "OBJ_61";
      };
      "OBJ_159" = {
         isa = "PBXBuildFile";
         fileRef = "OBJ_62";
      };
      "OBJ_16" = {
         isa = "PBXGroup";
         children = (
            "OBJ_17"
         );
         name = "Int";
         path = "Int";
         sourceTree = "<group>";
      };
      "OBJ_160" = {
         isa = "PBXBuildFile";
         fileRef = "OBJ_63";
      };
      "OBJ_161" = {
         isa = "PBXBuildFile";
         fileRef = "OBJ_64";
      };
      "OBJ_162" = {
         isa = "PBXBuildFile";
         fileRef = "OBJ_66";
      };
      "OBJ_163" = {
         isa = "PBXBuildFile";
         fileRef = "OBJ_67";
      };
      "OBJ_164" = {
         isa = "PBXBuildFile";
         fileRef = "OBJ_69";
      };
      "OBJ_165" = {
         isa = "PBXBuildFile";
         fileRef = "OBJ_70";
      };
      "OBJ_166" = {
         isa = "PBXBuildFile";
         fileRef = "OBJ_71";
      };
      "OBJ_167" = {
         isa = "PBXBuildFile";
         fileRef = "OBJ_72";
      };
      "OBJ_168" = {
         isa = "PBXBuildFile";
         fileRef = "OBJ_73";
      };
      "OBJ_169" = {
         isa = "PBXBuildFile";
         fileRef = "OBJ_74";
      };
      "OBJ_17" = {
         isa = "PBXFileReference";
         path = "Int+IsOdd.swift";
         sourceTree = "<group>";
      };
      "OBJ_170" = {
         isa = "PBXBuildFile";
         fileRef = "OBJ_75";
      };
      "OBJ_171" = {
         isa = "PBXBuildFile";
         fileRef = "OBJ_76";
      };
      "OBJ_172" = {
         isa = "PBXBuildFile";
         fileRef = "OBJ_77";
      };
      "OBJ_173" = {
         isa = "PBXBuildFile";
         fileRef = "OBJ_78";
      };
      "OBJ_174" = {
         isa = "PBXBuildFile";
         fileRef = "OBJ_79";
      };
      "OBJ_175" = {
         isa = "PBXFrameworksBuildPhase";
         files = (
            "OBJ_176"
         );
      };
      "OBJ_176" = {
         isa = "PBXBuildFile";
         fileRef = "Splash::Splash::Product";
      };
      "OBJ_177" = {
         isa = "PBXTargetDependency";
         target = "Splash::Splash";
      };
      "OBJ_179" = {
         isa = "XCConfigurationList";
         buildConfigurations = (
            "OBJ_180",
            "OBJ_181"
         );
         defaultConfigurationIsVisible = "0";
         defaultConfigurationName = "Release";
      };
      "OBJ_18" = {
         isa = "PBXGroup";
         children = (
            "OBJ_19",
            "OBJ_20"
         );
         name = "Sequence";
         path = "Sequence";
         sourceTree = "<group>";
      };
      "OBJ_180" = {
         isa = "XCBuildConfiguration";
         buildSettings = {
            FRAMEWORK_SEARCH_PATHS = (
               "$(inherited)",
               "$(PLATFORM_DIR)/Developer/Library/Frameworks"
            );
            HEADER_SEARCH_PATHS = (
               "$(inherited)"
            );
            INFOPLIST_FILE = "Splash.xcodeproj/SplashTokenizer_Info.plist";
            LD_RUNPATH_SEARCH_PATHS = (
               "$(inherited)",
               "$(TOOLCHAIN_DIR)/usr/lib/swift/macosx",
               "@executable_path"
            );
            OTHER_CFLAGS = (
               "$(inherited)"
            );
            OTHER_LDFLAGS = (
               "$(inherited)"
            );
            OTHER_SWIFT_FLAGS = (
               "$(inherited)"
            );
            SWIFT_ACTIVE_COMPILATION_CONDITIONS = (
               "$(inherited)"
            );
            SWIFT_FORCE_DYNAMIC_LINK_STDLIB = "YES";
            SWIFT_FORCE_STATIC_LINK_STDLIB = "NO";
            SWIFT_VERSION = "4.0";
            TARGET_NAME = "SplashTokenizer";
         };
         name = "Debug";
      };
      "OBJ_181" = {
         isa = "XCBuildConfiguration";
         buildSettings = {
            FRAMEWORK_SEARCH_PATHS = (
               "$(inherited)",
               "$(PLATFORM_DIR)/Developer/Library/Frameworks"
            );
            HEADER_SEARCH_PATHS = (
               "$(inherited)"
            );
            INFOPLIST_FILE = "Splash.xcodeproj/SplashTokenizer_Info.plist";
            LD_RUNPATH_SEARCH_PATHS = (
               "$(inherited)",
               "$(TOOLCHAIN_DIR)/usr/lib/swift/macosx",
               "@executable_path"
            );
            OTHER_CFLAGS = (
               "$(inherited)"
            );
            OTHER_LDFLAGS = (
               "$(inherited)"
            );
            OTHER_SWIFT_FLAGS = (
               "$(inherited)"
            );
            SWIFT_ACTIVE_COMPILATION_CONDITIONS = (
               "$(inherited)"
            );
            SWIFT_FORCE_DYNAMIC_LINK_STDLIB = "YES";
            SWIFT_FORCE_STATIC_LINK_STDLIB = "NO";
            SWIFT_VERSION = "4.0";
            TARGET_NAME = "SplashTokenizer";
         };
         name = "Release";
      };
      "OBJ_182" = {
         isa = "PBXSourcesBuildPhase";
         files = (
            "OBJ_183",
            "OBJ_184"
         );
      };
      "OBJ_183" = {
         isa = "PBXBuildFile";
         fileRef = "OBJ_47";
      };
      "OBJ_184" = {
         isa = "PBXBuildFile";
         fileRef = "OBJ_48";
      };
      "OBJ_185" = {
         isa = "PBXFrameworksBuildPhase";
         files = (
            "OBJ_186"
         );
      };
      "OBJ_186" = {
         isa = "PBXBuildFile";
         fileRef = "Splash::Splash::Product";
      };
      "OBJ_187" = {
         isa = "PBXTargetDependency";
         target = "Splash::Splash";
      };
      "OBJ_19" = {
         isa = "PBXFileReference";
         path = "Sequence+AnyOf.swift";
         sourceTree = "<group>";
      };
      "OBJ_2" = {
         isa = "XCConfigurationList";
         buildConfigurations = (
            "OBJ_3",
            "OBJ_4"
         );
         defaultConfigurationIsVisible = "0";
         defaultConfigurationName = "Release";
      };
      "OBJ_20" = {
         isa = "PBXFileReference";
         path = "Sequence+Occurrences.swift";
         sourceTree = "<group>";
      };
      "OBJ_21" = {
         isa = "PBXGroup";
         children = (
            "OBJ_22",
            "OBJ_23",
            "OBJ_24",
            "OBJ_25"
         );
         name = "Strings";
         path = "Strings";
         sourceTree = "<group>";
      };
      "OBJ_22" = {
         isa = "PBXFileReference";
         path = "String+IsNumber.swift";
         sourceTree = "<group>";
      };
      "OBJ_23" = {
         isa = "PBXFileReference";
         path = "String+PrefixChecking.swift";
         sourceTree = "<group>";
      };
      "OBJ_24" = {
         isa = "PBXFileReference";
         path = "String+Removing.swift";
         sourceTree = "<group>";
      };
      "OBJ_25" = {
         isa = "PBXFileReference";
         path = "Substring+HasSuffix.swift";
         sourceTree = "<group>";
      };
      "OBJ_26" = {
         isa = "PBXGroup";
         children = (
            "OBJ_27",
            "OBJ_28"
         );
         name = "Grammar";
         path = "Grammar";
         sourceTree = "<group>";
      };
      "OBJ_27" = {
         isa = "PBXFileReference";
         path = "Grammar.swift";
         sourceTree = "<group>";
      };
      "OBJ_28" = {
         isa = "PBXFileReference";
         path = "SwiftGrammar.swift";
         sourceTree = "<group>";
      };
      "OBJ_29" = {
         isa = "PBXGroup";
         children = (
            "OBJ_30",
            "OBJ_31",
            "OBJ_32",
            "OBJ_33"
         );
         name = "Output";
         path = "Output";
         sourceTree = "<group>";
      };
      "OBJ_3" = {
         isa = "XCBuildConfiguration";
         buildSettings = {
            CLANG_ENABLE_OBJC_ARC = "YES";
            COMBINE_HIDPI_IMAGES = "YES";
            COPY_PHASE_STRIP = "NO";
            DEBUG_INFORMATION_FORMAT = "dwarf";
            DYLIB_INSTALL_NAME_BASE = "@rpath";
            ENABLE_NS_ASSERTIONS = "YES";
            GCC_OPTIMIZATION_LEVEL = "0";
            GCC_PREPROCESSOR_DEFINITIONS = (
               "DEBUG=1",
               "$(inherited)"
            );
            MACOSX_DEPLOYMENT_TARGET = "10.10";
            ONLY_ACTIVE_ARCH = "YES";
            OTHER_SWIFT_FLAGS = (
               "-DXcode"
            );
            PRODUCT_NAME = "$(TARGET_NAME)";
            SDKROOT = "macosx";
            SUPPORTED_PLATFORMS = (
               "macosx",
               "iphoneos",
               "iphonesimulator",
               "appletvos",
               "appletvsimulator",
               "watchos",
               "watchsimulator"
            );
            SWIFT_ACTIVE_COMPILATION_CONDITIONS = (
               "SWIFT_PACKAGE",
               "DEBUG"
            );
            SWIFT_OPTIMIZATION_LEVEL = "-Onone";
            USE_HEADERMAP = "NO";
         };
         name = "Debug";
      };
      "OBJ_30" = {
         isa = "PBXFileReference";
         path = "AttributedStringOutputFormat.swift";
         sourceTree = "<group>";
      };
      "OBJ_31" = {
         isa = "PBXFileReference";
         path = "HTMLOutputFormat.swift";
         sourceTree = "<group>";
      };
      "OBJ_32" = {
         isa = "PBXFileReference";
         path = "OutputBuilder.swift";
         sourceTree = "<group>";
      };
      "OBJ_33" = {
         isa = "PBXFileReference";
         path = "OutputFormat.swift";
         sourceTree = "<group>";
      };
      "OBJ_34" = {
         isa = "PBXGroup";
         children = (
            "OBJ_35",
            "OBJ_36"
         );
         name = "Syntax";
         path = "Syntax";
         sourceTree = "<group>";
      };
      "OBJ_35" = {
         isa = "PBXFileReference";
         path = "SyntaxHighlighter.swift";
         sourceTree = "<group>";
      };
      "OBJ_36" = {
         isa = "PBXFileReference";
         path = "SyntaxRule.swift";
         sourceTree = "<group>";
      };
      "OBJ_37" = {
         isa = "PBXGroup";
         children = (
            "OBJ_38",
            "OBJ_39",
            "OBJ_40",
            "OBJ_41"
         );
         name = "Theming";
         path = "Theming";
         sourceTree = "<group>";
      };
      "OBJ_38" = {
         isa = "PBXFileReference";
         path = "Color.swift";
         sourceTree = "<group>";
      };
      "OBJ_39" = {
         isa = "PBXFileReference";
         path = "Font.swift";
         sourceTree = "<group>";
      };
      "OBJ_4" = {
         isa = "XCBuildConfiguration";
         buildSettings = {
            CLANG_ENABLE_OBJC_ARC = "YES";
            COMBINE_HIDPI_IMAGES = "YES";
            COPY_PHASE_STRIP = "YES";
            DEBUG_INFORMATION_FORMAT = "dwarf-with-dsym";
            DYLIB_INSTALL_NAME_BASE = "@rpath";
            GCC_OPTIMIZATION_LEVEL = "s";
            MACOSX_DEPLOYMENT_TARGET = "10.10";
            OTHER_SWIFT_FLAGS = (
               "-DXcode"
            );
            PRODUCT_NAME = "$(TARGET_NAME)";
            SDKROOT = "macosx";
            SUPPORTED_PLATFORMS = (
               "macosx",
               "iphoneos",
               "iphonesimulator",
               "appletvos",
               "appletvsimulator",
               "watchos",
               "watchsimulator"
            );
            SWIFT_ACTIVE_COMPILATION_CONDITIONS = (
               "SWIFT_PACKAGE"
            );
            SWIFT_OPTIMIZATION_LEVEL = "-Owholemodule";
            USE_HEADERMAP = "NO";
         };
         name = "Release";
      };
      "OBJ_40" = {
         isa = "PBXFileReference";
         path = "Theme+Defaults.swift";
         sourceTree = "<group>";
      };
      "OBJ_41" = {
         isa = "PBXFileReference";
         path = "Theme.swift";
         sourceTree = "<group>";
      };
      "OBJ_42" = {
         isa = "PBXGroup";
         children = (
            "OBJ_43",
            "OBJ_44",
            "OBJ_45"
         );
         name = "Tokenizing";
         path = "Tokenizing";
         sourceTree = "<group>";
      };
      "OBJ_43" = {
         isa = "PBXFileReference";
         path = "Segment.swift";
         sourceTree = "<group>";
      };
      "OBJ_44" = {
         isa = "PBXFileReference";
         path = "TokenType.swift";
         sourceTree = "<group>";
      };
      "OBJ_45" = {
         isa = "PBXFileReference";
         path = "Tokenizer.swift";
         sourceTree = "<group>";
      };
      "OBJ_46" = {
         isa = "PBXGroup";
         children = (
            "OBJ_47",
            "OBJ_48"
         );
         name = "SplashTokenizer";
         path = "Sources/SplashTokenizer";
         sourceTree = "SOURCE_ROOT";
      };
      "OBJ_47" = {
         isa = "PBXFileReference";
         path = "TokenizerOutputFormat.swift";
         sourceTree = "<group>";
      };
      "OBJ_48" = {
         isa = "PBXFileReference";
         path = "main.swift";
         sourceTree = "<group>";
      };
      "OBJ_49" = {
         isa = "PBXGroup";
         children = (
            "OBJ_50",
            "OBJ_55"
         );
         name = "SplashImageGen";
         path = "Sources/SplashImageGen";
         sourceTree = "SOURCE_ROOT";
      };
      "OBJ_5" = {
         isa = "PBXGroup";
         children = (
            "OBJ_6",
            "OBJ_7",
            "OBJ_56",
            "OBJ_80",
            "OBJ_81",
            "OBJ_82"
         );
         path = "";
         sourceTree = "<group>";
      };
      "OBJ_50" = {
         isa = "PBXGroup";
         children = (
            "OBJ_51",
            "OBJ_52",
            "OBJ_53",
            "OBJ_54"
         );
         name = "Extensions";
         path = "Extensions";
         sourceTree = "<group>";
      };
      "OBJ_51" = {
         isa = "PBXFileReference";
         path = "CGImage+WriteToURL.swift";
         sourceTree = "<group>";
      };
      "OBJ_52" = {
         isa = "PBXFileReference";
         path = "CommandLine+Options.swift";
         sourceTree = "<group>";
      };
      "OBJ_53" = {
         isa = "PBXFileReference";
         path = "NSGraphicsContext+Fill.swift";
         sourceTree = "<group>";
      };
      "OBJ_54" = {
         isa = "PBXFileReference";
         path = "NSGraphicsContext+InitWithSize.swift";
         sourceTree = "<group>";
      };
      "OBJ_55" = {
         isa = "PBXFileReference";
         path = "main.swift";
         sourceTree = "<group>";
      };
      "OBJ_56" = {
         isa = "PBXGroup";
         children = (
            "OBJ_57"
         );
         name = "Tests";
         path = "";
         sourceTree = "SOURCE_ROOT";
      };
      "OBJ_57" = {
         isa = "PBXGroup";
         children = (
            "OBJ_58",
            "OBJ_65",
            "OBJ_68"
         );
         name = "SplashTests";
         path = "Tests/SplashTests";
         sourceTree = "SOURCE_ROOT";
      };
      "OBJ_58" = {
         isa = "PBXGroup";
         children = (
            "OBJ_59",
            "OBJ_60",
            "OBJ_61",
            "OBJ_62",
            "OBJ_63",
            "OBJ_64"
         );
         name = "Core";
         path = "Core";
         sourceTree = "<group>";
      };
      "OBJ_59" = {
         isa = "PBXFileReference";
         path = "SplashTestCase.swift";
         sourceTree = "<group>";
      };
      "OBJ_6" = {
         isa = "PBXFileReference";
         explicitFileType = "sourcecode.swift";
         path = "Package.swift";
         sourceTree = "<group>";
      };
      "OBJ_60" = {
         isa = "PBXFileReference";
         path = "SyntaxHighlighterTestCase.swift";
         sourceTree = "<group>";
      };
      "OBJ_61" = {
         isa = "PBXFileReference";
         path = "TestCaseVerifier.swift";
         sourceTree = "<group>";
      };
      "OBJ_62" = {
         isa = "PBXFileReference";
         path = "TestClosure.swift";
         sourceTree = "<group>";
      };
      "OBJ_63" = {
         isa = "PBXFileReference";
         path = "XCTestCase+TestNames.swift";
         sourceTree = "<group>";
      };
      "OBJ_64" = {
         isa = "PBXFileReference";
         path = "XCTestManifests.swift";
         sourceTree = "<group>";
      };
      "OBJ_65" = {
         isa = "PBXGroup";
         children = (
            "OBJ_66",
            "OBJ_67"
         );
         name = "Mocks";
         path = "Mocks";
         sourceTree = "<group>";
      };
      "OBJ_66" = {
         isa = "PBXFileReference";
         path = "OutputBuilderMock.swift";
         sourceTree = "<group>";
      };
      "OBJ_67" = {
         isa = "PBXFileReference";
         path = "OutputFormatMock.swift";
         sourceTree = "<group>";
      };
      "OBJ_68" = {
         isa = "PBXGroup";
         children = (
            "OBJ_69",
            "OBJ_70",
            "OBJ_71",
            "OBJ_72",
            "OBJ_73",
            "OBJ_74",
            "OBJ_75",
            "OBJ_76",
            "OBJ_77",
            "OBJ_78",
            "OBJ_79"
         );
         name = "Tests";
         path = "Tests";
         sourceTree = "<group>";
      };
      "OBJ_69" = {
         isa = "PBXFileReference";
         path = "ClosureTests.swift";
         sourceTree = "<group>";
      };
      "OBJ_7" = {
         isa = "PBXGroup";
         children = (
            "OBJ_8",
            "OBJ_10",
            "OBJ_46",
            "OBJ_49"
         );
         name = "Sources";
         path = "";
         sourceTree = "SOURCE_ROOT";
      };
      "OBJ_70" = {
         isa = "PBXFileReference";
         path = "CommentTests.swift";
         sourceTree = "<group>";
      };
      "OBJ_71" = {
         isa = "PBXFileReference";
         path = "DeclarationTests.swift";
         sourceTree = "<group>";
      };
      "OBJ_72" = {
         isa = "PBXFileReference";
         path = "EnumTests.swift";
         sourceTree = "<group>";
      };
      "OBJ_73" = {
         isa = "PBXFileReference";
         path = "FunctionCallTests.swift";
         sourceTree = "<group>";
      };
      "OBJ_74" = {
         isa = "PBXFileReference";
         path = "HTMLOutputFormatTests.swift";
         sourceTree = "<group>";
      };
      "OBJ_75" = {
         isa = "PBXFileReference";
         path = "LiteralTests.swift";
         sourceTree = "<group>";
      };
      "OBJ_76" = {
         isa = "PBXFileReference";
         path = "OptionalTests.swift";
         sourceTree = "<group>";
      };
      "OBJ_77" = {
         isa = "PBXFileReference";
         path = "PreprocessorTests.swift";
         sourceTree = "<group>";
      };
      "OBJ_78" = {
         isa = "PBXFileReference";
         path = "StatementTests.swift";
         sourceTree = "<group>";
      };
      "OBJ_79" = {
         isa = "PBXFileReference";
         path = "TokenTypeTests.swift";
         sourceTree = "<group>";
      };
      "OBJ_8" = {
         isa = "PBXGroup";
         children = (
            "OBJ_9"
         );
         name = "SplashHTMLGen";
         path = "Sources/SplashHTMLGen";
         sourceTree = "SOURCE_ROOT";
      };
      "OBJ_80" = {
         isa = "PBXFileReference";
         path = "Images";
         sourceTree = "SOURCE_ROOT";
      };
      "OBJ_81" = {
         isa = "PBXFileReference";
         path = "Examples";
         sourceTree = "SOURCE_ROOT";
      };
      "OBJ_82" = {
         isa = "PBXGroup";
         children = (
            "Splash::Splash::Product",
            "Splash::SplashHTMLGen::Product",
            "Splash::SplashTokenizer::Product",
            "Splash::SplashTests::Product",
            "Splash::SplashImageGen::Product"
         );
         name = "Products";
         path = "";
         sourceTree = "BUILT_PRODUCTS_DIR";
      };
      "OBJ_89" = {
         isa = "XCConfigurationList";
         buildConfigurations = (
            "OBJ_90",
            "OBJ_91"
         );
         defaultConfigurationIsVisible = "0";
         defaultConfigurationName = "Release";
      };
      "OBJ_9" = {
         isa = "PBXFileReference";
         path = "main.swift";
         sourceTree = "<group>";
      };
      "OBJ_90" = {
         isa = "XCBuildConfiguration";
         buildSettings = {
            ENABLE_TESTABILITY = "YES";
            FRAMEWORK_SEARCH_PATHS = (
               "$(inherited)",
               "$(PLATFORM_DIR)/Developer/Library/Frameworks"
            );
            HEADER_SEARCH_PATHS = (
               "$(inherited)"
            );
            INFOPLIST_FILE = "Splash.xcodeproj/Splash_Info.plist";
            LD_RUNPATH_SEARCH_PATHS = (
               "$(inherited)",
               "$(TOOLCHAIN_DIR)/usr/lib/swift/macosx"
            );
            OTHER_CFLAGS = (
               "$(inherited)"
            );
            OTHER_LDFLAGS = (
               "$(inherited)"
            );
            OTHER_SWIFT_FLAGS = (
               "$(inherited)"
            );
            PRODUCT_BUNDLE_IDENTIFIER = "Splash";
            PRODUCT_MODULE_NAME = "$(TARGET_NAME:c99extidentifier)";
            PRODUCT_NAME = "$(TARGET_NAME:c99extidentifier)";
            SKIP_INSTALL = "YES";
            SWIFT_ACTIVE_COMPILATION_CONDITIONS = (
               "$(inherited)"
            );
            SWIFT_VERSION = "4.0";
            TARGET_NAME = "Splash";
         };
         name = "Debug";
      };
      "OBJ_91" = {
         isa = "XCBuildConfiguration";
         buildSettings = {
            ENABLE_TESTABILITY = "YES";
            FRAMEWORK_SEARCH_PATHS = (
               "$(inherited)",
               "$(PLATFORM_DIR)/Developer/Library/Frameworks"
            );
            HEADER_SEARCH_PATHS = (
               "$(inherited)"
            );
            INFOPLIST_FILE = "Splash.xcodeproj/Splash_Info.plist";
            LD_RUNPATH_SEARCH_PATHS = (
               "$(inherited)",
               "$(TOOLCHAIN_DIR)/usr/lib/swift/macosx"
            );
            OTHER_CFLAGS = (
               "$(inherited)"
            );
            OTHER_LDFLAGS = (
               "$(inherited)"
            );
            OTHER_SWIFT_FLAGS = (
               "$(inherited)"
            );
            PRODUCT_BUNDLE_IDENTIFIER = "Splash";
            PRODUCT_MODULE_NAME = "$(TARGET_NAME:c99extidentifier)";
            PRODUCT_NAME = "$(TARGET_NAME:c99extidentifier)";
            SKIP_INSTALL = "YES";
            SWIFT_ACTIVE_COMPILATION_CONDITIONS = (
               "$(inherited)"
            );
            SWIFT_VERSION = "4.0";
            TARGET_NAME = "Splash";
         };
         name = "Release";
      };
      "OBJ_92" = {
         isa = "PBXSourcesBuildPhase";
         files = (
            "OBJ_93",
            "OBJ_94",
            "OBJ_95",
            "OBJ_96",
            "OBJ_97",
            "OBJ_98",
            "OBJ_99",
            "OBJ_100",
            "OBJ_101",
            "OBJ_102",
            "OBJ_103",
            "OBJ_104",
            "OBJ_105",
            "OBJ_106",
            "OBJ_107",
            "OBJ_108",
            "OBJ_109",
            "OBJ_110",
            "OBJ_111",
            "OBJ_112",
            "OBJ_113",
            "OBJ_114",
            "OBJ_115",
            "OBJ_116"
         );
      };
      "OBJ_93" = {
         isa = "PBXBuildFile";
         fileRef = "OBJ_13";
      };
      "OBJ_94" = {
         isa = "PBXBuildFile";
         fileRef = "OBJ_15";
      };
      "OBJ_95" = {
         isa = "PBXBuildFile";
         fileRef = "OBJ_17";
      };
      "OBJ_96" = {
         isa = "PBXBuildFile";
         fileRef = "OBJ_19";
      };
      "OBJ_97" = {
         isa = "PBXBuildFile";
         fileRef = "OBJ_20";
      };
      "OBJ_98" = {
         isa = "PBXBuildFile";
         fileRef = "OBJ_22";
      };
      "OBJ_99" = {
         isa = "PBXBuildFile";
         fileRef = "OBJ_23";
      };
      "Splash::Splash" = {
         isa = "PBXNativeTarget";
         buildConfigurationList = "OBJ_89";
         buildPhases = (
            "OBJ_92",
            "OBJ_117"
         );
         dependencies = (
         );
         name = "Splash";
         productName = "Splash";
         productReference = "Splash::Splash::Product";
         productType = "com.apple.product-type.framework";
      };
      "Splash::Splash::Product" = {
         isa = "PBXFileReference";
         path = "Splash.framework";
         sourceTree = "BUILT_PRODUCTS_DIR";
      };
      "Splash::SplashHTMLGen" = {
         isa = "PBXNativeTarget";
         buildConfigurationList = "OBJ_119";
         buildPhases = (
            "OBJ_122",
            "OBJ_124"
         );
         dependencies = (
            "OBJ_126"
         );
         name = "SplashHTMLGen";
         productName = "SplashHTMLGen";
         productReference = "Splash::SplashHTMLGen::Product";
         productType = "com.apple.product-type.tool";
      };
      "Splash::SplashHTMLGen::Product" = {
         isa = "PBXFileReference";
         path = "SplashHTMLGen";
         sourceTree = "BUILT_PRODUCTS_DIR";
      };
      "Splash::SplashImageGen" = {
         isa = "PBXNativeTarget";
         buildConfigurationList = "OBJ_128";
         buildPhases = (
            "OBJ_131",
            "OBJ_137"
         );
         dependencies = (
            "OBJ_139"
         );
         name = "SplashImageGen";
         productName = "SplashImageGen";
         productReference = "Splash::SplashImageGen::Product";
         productType = "com.apple.product-type.tool";
      };
      "Splash::SplashImageGen::Product" = {
         isa = "PBXFileReference";
         path = "SplashImageGen";
         sourceTree = "BUILT_PRODUCTS_DIR";
      };
      "Splash::SplashPackageTests::ProductTarget" = {
         isa = "PBXAggregateTarget";
         buildConfigurationList = "OBJ_147";
         buildPhases = (
         );
         dependencies = (
            "OBJ_150"
         );
         name = "SplashPackageTests";
         productName = "SplashPackageTests";
      };
      "Splash::SplashTests" = {
         isa = "PBXNativeTarget";
         buildConfigurationList = "OBJ_152";
         buildPhases = (
            "OBJ_155",
            "OBJ_175"
         );
         dependencies = (
            "OBJ_177"
         );
         name = "SplashTests";
         productName = "SplashTests";
         productReference = "Splash::SplashTests::Product";
         productType = "com.apple.product-type.bundle.unit-test";
      };
      "Splash::SplashTests::Product" = {
         isa = "PBXFileReference";
         path = "SplashTests.xctest";
         sourceTree = "BUILT_PRODUCTS_DIR";
      };
      "Splash::SplashTokenizer" = {
         isa = "PBXNativeTarget";
         buildConfigurationList = "OBJ_179";
         buildPhases = (
            "OBJ_182",
            "OBJ_185"
         );
         dependencies = (
            "OBJ_187"
         );
         name = "SplashTokenizer";
         productName = "SplashTokenizer";
         productReference = "Splash::SplashTokenizer::Product";
         productType = "com.apple.product-type.tool";
      };
      "Splash::SplashTokenizer::Product" = {
         isa = "PBXFileReference";
         path = "SplashTokenizer";
         sourceTree = "BUILT_PRODUCTS_DIR";
      };
      "Splash::SwiftPMPackageDescription" = {
         isa = "PBXNativeTarget";
         buildConfigurationList = "OBJ_141";
         buildPhases = (
            "OBJ_144"
         );
         dependencies = (
         );
         name = "SplashPackageDescription";
         productName = "SplashPackageDescription";
         productType = "com.apple.product-type.framework";
      };
   };
   rootObject = "OBJ_1";
}
